# This file is automatically @generated by Cargo.
# It is not intended for manual editing.
version = 4

[[package]]
name = "traojudge-apps"
version = "0.1.0"
dependencies = [
 "traojudge-core",
 "traojudge-infra",
]

[[package]]
name = "traojudge-core"
version = "0.1.0"

[[package]]
name = "traojudge-infra"
version = "0.1.0"
dependencies = [
 "traojudge-core",
]

[[package]]
name = "traojudge-test"
version = "0.1.0"
dependencies = [
 "traojudge-core",
 "traojudge-infra",
]
